
Microsoft Visual Studio Solution File, Format Version 12.00
# Visual Studio Version 17
VisualStudioVersion = 17.5.002.0
MinimumVisualStudioVersion = 10.0.40219.1
Project("{9A19103F-16F7-4668-BE54-9A1E7A4F7556}") = "GameStore.Frontend", "GameStore.Frontend\GameStore.Frontend.csproj", "{15799251-B3AA-404E-9C14-895EAE5AF4E3}"
EndProject
Global
	GlobalSection(SolutionConfigurationPlatforms) = preSolution
		Debug|Any CPU = Debug|Any CPU
		Release|Any CPU = Release|Any CPU
	EndGlobalSection
	GlobalSection(ProjectConfigurationPlatforms) = postSolution
		{15799251-B3AA-404E-9C14-895EAE5AF4E3}.Debug|Any CPU.ActiveCfg = Debug|Any CPU
		{15799251-B3AA-404E-9C14-895EAE5AF4E3}.Debug|Any CPU.Build.0 = Debug|Any CPU
		{15799251-B3AA-404E-9C14-895EAE5AF4E3}.Release|Any CPU.ActiveCfg = Release|Any CPU
		{15799251-B3AA-404E-9C14-895EAE5AF4E3}.Release|Any CPU.Build.0 = Release|Any CPU
	EndGlobalSection
	GlobalSection(SolutionProperties) = preSolution
		HideSolutionNode = FALSE
	EndGlobalSection
	GlobalSection(ExtensibilityGlobals) = postSolution
		SolutionGuid = {D478B287-4C8C-4CB8-9136-2DF2739D6A75}
	EndGlobalSection
EndGlobal
